
Microsoft Visual Studio Solution File, Format Version 12.00
# Visual Studio Version 16
VisualStudioVersion = 16.0.31321.278
MinimumVisualStudioVersion = 10.0.40219.1
Project("{FAE04EC0-301F-11D3-BF4B-00C04F79EFBC}") = "XHomes", "XHomes.csproj", "{1E593FEF-2122-4999-8CD0-10C965A665FD}"
EndProject
Global
	GlobalSection(SolutionConfigurationPlatforms) = preSolution
		Debug|Any CPU = Debug|Any CPU
		Release|Any CPU = Release|Any CPU
	EndGlobalSection
	GlobalSection(ProjectConfigurationPlatforms) = postSolution
		{1E593FEF-2122-4999-8CD0-10C965A665FD}.Debug|Any CPU.ActiveCfg = Debug|Any CPU
		{1E593FEF-2122-4999-8CD0-10C965A665FD}.Debug|Any CPU.Build.0 = Debug|Any CPU
		{1E593FEF-2122-4999-8CD0-10C965A665FD}.Release|Any CPU.ActiveCfg = Release|Any CPU
		{1E593FEF-2122-4999-8CD0-10C965A665FD}.Release|Any CPU.Build.0 = Release|Any CPU
	EndGlobalSection
	GlobalSection(SolutionProperties) = preSolution
		HideSolutionNode = FALSE
	EndGlobalSection
	GlobalSection(ExtensibilityGlobals) = postSolution
		SolutionGuid = {BE27BF5D-E2CE-48CC-A9D2-606F62D14C05}
	EndGlobalSection
EndGlobal
